
Microsoft Visual Studio Solution File, Format Version 12.00
# Visual Studio 14
VisualStudioVersion = 14.0.25420.1
MinimumVisualStudioVersion = 10.0.40219.1
Project("{FAE04EC0-301F-11D3-BF4B-00C04F79EFBC}") = "NetTaskManager_Service", "NetTaskManager_Service\NetTaskManager_Service.csproj", "{F41FCF54-42EF-45A9-A750-0DA062DB90D5}"
EndProject
Project("{FAE04EC0-301F-11D3-BF4B-00C04F79EFBC}") = "NetTaskManager_Client", "NetTaskManager_Client\NetTaskManager_Client.csproj", "{379E0E98-9206-435F-9258-3AB488085E1C}"
EndProject
Global
	GlobalSection(SolutionConfigurationPlatforms) = preSolution
		Debug|Any CPU = Debug|Any CPU
		Release|Any CPU = Release|Any CPU
	EndGlobalSection
	GlobalSection(ProjectConfigurationPlatforms) = postSolution
		{F41FCF54-42EF-45A9-A750-0DA062DB90D5}.Debug|Any CPU.ActiveCfg = Debug|Any CPU
		{F41FCF54-42EF-45A9-A750-0DA062DB90D5}.Debug|Any CPU.Build.0 = Debug|Any CPU
		{F41FCF54-42EF-45A9-A750-0DA062DB90D5}.Release|Any CPU.ActiveCfg = Release|Any CPU
		{F41FCF54-42EF-45A9-A750-0DA062DB90D5}.Release|Any CPU.Build.0 = Release|Any CPU
		{379E0E98-9206-435F-9258-3AB488085E1C}.Debug|Any CPU.ActiveCfg = Debug|Any CPU
		{379E0E98-9206-435F-9258-3AB488085E1C}.Debug|Any CPU.Build.0 = Debug|Any CPU
		{379E0E98-9206-435F-9258-3AB488085E1C}.Release|Any CPU.ActiveCfg = Release|Any CPU
		{379E0E98-9206-435F-9258-3AB488085E1C}.Release|Any CPU.Build.0 = Release|Any CPU
	EndGlobalSection
	GlobalSection(SolutionProperties) = preSolution
		HideSolutionNode = FALSE
	EndGlobalSection
EndGlobal
